DEPENDENCIES
  basic_security-tlq
    git: https://github.com/TalkingQuickly/basic_security-tlq.git
    revision: 9b95eb1af665d24d651e18f2f456ec9ec8fc7ee3
  build-essential
    git: https://github.com/opscode-cookbooks/build-essential
    revision: bc1b4e332ae0d3d158d1354617ea5c129869f1a5
  chef-solo-search
    git: https://github.com/edelight/chef-solo-search
    revision: 848fad1461c78fd502975f1df2e14eed12610635
  imagemagick
  look_and_feel-tlq
    git: https://github.com/TalkingQuickly/look_and_feel-tlq.git
    revision: e8d04382399979e664862bed66cb48c16e0c098d
  memcached-tlq
    git: https://github.com/TalkingQuickly/memcached-tlq.git
    revision: 8ac6e2c68c32f79efcc4c19c7099b7db72ab158d
  mongo-tlq
    git: https://github.com/TalkingQuickly/mongo-tlq.git
    revision: 5a8cee3c753bd46de1d3e171d97fe21aa09ab717
  monit-tlq
    git: https://github.com/TheVole/monit-tlq.git
    revision: 50ee6b8344d889763c90146d184bb964d5ae7d30
    branch: master
  monit_configs-tlq
    git: https://github.com/TalkingQuickly/monit_configs-tlq.git
    revision: 7c254070842033ede08e18d0bd7facc8d08e8dd8
    branch: master
  mysql
    git: https://github.com/opscode-cookbooks/mysql
    revision: 7d07e0eb78f07fc66343893df29a6c3388ab4a2d
  nginx-tlq
    git: https://github.com/TalkingQuickly/nginx-tlq.git
    revision: 863f0faadbc5c61e925cb7de10dba97fc695fa89
  postgresql
    git: https://github.com/opscode-cookbooks/postgresql.git
    revision: 81300d5474bd454ba076a4330192b115bdd2c579
  rails_gem_dependencies-tlq
    git: https://github.com/TalkingQuickly/rails_gem_dependencies-tlq.git
    revision: f62ff22492dd9a2c31cd856de176c19f0fbe2d73
  rbenv
    git: https://github.com/fnichol/chef-rbenv
    revision: 0a3018634bafe58ad21c6ee271af015220e444b9
  redis-tlq
    git: https://github.com/TalkingQuickly/redis-tlq.git
    revision: 0fd9ee3dcc7bd01f37e2e057b146595a7849e6aa
  sudo
    git: https://github.com/opscode-cookbooks/sudo.git
    revision: cbd703cac77b7900674131441a22323f7d88d1c7
  users
    git: https://github.com/opscode-cookbooks/users.git
    revision: fca9a42ab44dadbb98432c931dfc6c049ecc23ce

GRAPH
  apt (2.6.0)
  basic_security-tlq (0.0.2)
  build-essential (2.1.2)
  chef-solo-search (0.5.1)
  chef-sugar (2.4.1)
  imagemagick (0.2.3)
  java (1.28.0)
  locales (0.3.1)
  look_and_feel-tlq (0.0.4)
    locales (>= 0.0.0)
  memcached-tlq (0.0.2)
  mongo-tlq (0.0.4)
  monit-tlq (0.3.5)
  monit_configs-tlq (0.1.1)
  mysql (5.5.4)
    yum-mysql-community (>= 0.0.0)
  nginx-tlq (0.0.4)
  openssl (2.0.0)
    chef-sugar (>= 0.0.0)
  postgresql (3.4.10)
    apt (>= 1.9.0)
    build-essential (>= 0.0.0)
    openssl (>= 0.0.0)
  rails_gem_dependencies-tlq (0.0.3)
    apt (>= 0.0.0)
  rbenv (0.7.3)
    java (> 1.4.0)
    ruby_build (>= 0.0.0)
  redis-tlq (0.0.6)
  ruby_build (0.8.0)
  sudo (2.7.1)
  users (1.7.1)
  yum (3.4.0)
  yum-mysql-community (0.1.10)
    yum (>= 3.0)
